github.com/vitali-fedulov/hyper v1.0.1 h1:juW5AgxqAVbAAlakTcc1IeO/iqT8R+KdIyia8tz29zE=
github.com/vitali-fedulov/hyper v1.0.1/go.mod h1:nQqkBaCL7ETNg7c90cbfFeJWoKchMrPejZYr+kiuSQI=
github.com/vitali-fedulov/images3 v1.0.16 h1:FBFR9v/MpA5H6VcoEMrpfX3epPxWhWZKhvA9R/VzssU=
github.com/vitali-fedulov/images3 v1.0.16/go.mod h1:E53TQh4WO/byLuozZvfgJ/JIsSKsfbhnjaOnMAb4ZjM=
